// !$*UTF8*$!
{
	archiveVersion = 1;
	classes = {
	};
	objectVersion = 56;
	objects = {

/* Begin PBXBuildFile section */
		226B68AE2A7B0F52008CA709 /* PatchworkApp.swift in Sources */ = {isa = PBXBuildFile; fileRef = 226B68AD2A7B0F52008CA709 /* PatchworkApp.swift */; };
		226B68B02A7B0F52008CA709 /* ContentView.swift in Sources */ = {isa = PBXBuildFile; fileRef = 226B68AF2A7B0F52008CA709 /* ContentView.swift */; };
		226B68B42A7B0F54008CA709 /* Assets.xcassets in Resources */ = {isa = PBXBuildFile; fileRef = 226B68B32A7B0F54008CA709 /* Assets.xcassets */; };
		226B68B92A7B0F54008CA709 /* Preview Assets.xcassets in Resources */ = {isa = PBXBuildFile; fileRef = 226B68B82A7B0F54008CA709 /* Preview Assets.xcassets */; };
		226B68C02A7B0FCF008CA709 /* Module.swift in Sources */ = {isa = PBXBuildFile; fileRef = 226B68BF2A7B0FCF008CA709 /* Module.swift */; };
		226B68C42A7B1168008CA709 /* Output.swift in Sources */ = {isa = PBXBuildFile; fileRef = 226B68C32A7B1168008CA709 /* Output.swift */; };
		226B68C62A7B11B2008CA709 /* Value.swift in Sources */ = {isa = PBXBuildFile; fileRef = 226B68C52A7B11B2008CA709 /* Value.swift */; };
		226B68C82A7B11CF008CA709 /* Connection.swift in Sources */ = {isa = PBXBuildFile; fileRef = 226B68C72A7B11CF008CA709 /* Connection.swift */; };
		22E407952A7C7560006E1E6A /* Input.swift in Sources */ = {isa = PBXBuildFile; fileRef = 22E407942A7C7560006E1E6A /* Input.swift */; };
		22E407972A7D7383006E1E6A /* ModuleView.swift in Sources */ = {isa = PBXBuildFile; fileRef = 22E407962A7D7383006E1E6A /* ModuleView.swift */; };
		22E407B72A7D78E2006E1E6A /* PreviewSampleData.swift in Sources */ = {isa = PBXBuildFile; fileRef = 22E407B62A7D78E2006E1E6A /* PreviewSampleData.swift */; };
/* End PBXBuildFile section */

/* Begin PBXFileReference section */
		226B68AA2A7B0F52008CA709 /* Patchwork.app */ = {isa = PBXFileReference; explicitFileType = wrapper.application; includeInIndex = 0; path = Patchwork.app; sourceTree = BUILT_PRODUCTS_DIR; };
		226B68AD2A7B0F52008CA709 /* PatchworkApp.swift */ = {isa = PBXFileReference; lastKnownFileType = sourcecode.swift; path = PatchworkApp.swift; sourceTree = "<group>"; };
		226B68AF2A7B0F52008CA709 /* ContentView.swift */ = {isa = PBXFileReference; lastKnownFileType = sourcecode.swift; path = ContentView.swift; sourceTree = "<group>"; };
		226B68B32A7B0F54008CA709 /* Assets.xcassets */ = {isa = PBXFileReference; lastKnownFileType = folder.assetcatalog; path = Assets.xcassets; sourceTree = "<group>"; };
		226B68B52A7B0F54008CA709 /* Info.plist */ = {isa = PBXFileReference; lastKnownFileType = text.plist.xml; path = Info.plist; sourceTree = "<group>"; };
		226B68B62A7B0F54008CA709 /* Patchwork.entitlements */ = {isa = PBXFileReference; lastKnownFileType = text.plist.entitlements; path = Patchwork.entitlements; sourceTree = "<group>"; };
		226B68B82A7B0F54008CA709 /* Preview Assets.xcassets */ = {isa = PBXFileReference; lastKnownFileType = folder.assetcatalog; path = "Preview Assets.xcassets"; sourceTree = "<group>"; };
		226B68BF2A7B0FCF008CA709 /* Module.swift */ = {isa = PBXFileReference; lastKnownFileType = sourcecode.swift; path = Module.swift; sourceTree = "<group>"; };
		226B68C32A7B1168008CA709 /* Output.swift */ = {isa = PBXFileReference; lastKnownFileType = sourcecode.swift; path = Output.swift; sourceTree = "<group>"; };
		226B68C52A7B11B2008CA709 /* Value.swift */ = {isa = PBXFileReference; lastKnownFileType = sourcecode.swift; path = Value.swift; sourceTree = "<group>"; };
		226B68C72A7B11CF008CA709 /* Connection.swift */ = {isa = PBXFileReference; lastKnownFileType = sourcecode.swift; path = Connection.swift; sourceTree = "<group>"; };
		22E407942A7C7560006E1E6A /* Input.swift */ = {isa = PBXFileReference; lastKnownFileType = sourcecode.swift; path = Input.swift; sourceTree = "<group>"; };
		22E407962A7D7383006E1E6A /* ModuleView.swift */ = {isa = PBXFileReference; lastKnownFileType = sourcecode.swift; path = ModuleView.swift; sourceTree = "<group>"; };
		22E407B62A7D78E2006E1E6A /* PreviewSampleData.swift */ = {isa = PBXFileReference; lastKnownFileType = sourcecode.swift; path = PreviewSampleData.swift; sourceTree = "<group>"; };
/* End PBXFileReference section */

/* Begin PBXFrameworksBuildPhase section */
		226B68A72A7B0F52008CA709 /* Frameworks */ = {
			isa = PBXFrameworksBuildPhase;
			buildActionMask = 2147483647;
			files = (
			);
			runOnlyForDeploymentPostprocessing = 0;
		};
/* End PBXFrameworksBuildPhase section */

/* Begin PBXGroup section */
		226B68A12A7B0F52008CA709 = {
			isa = PBXGroup;
			children = (
				226B68AC2A7B0F52008CA709 /* Patchwork */,
				226B68AB2A7B0F52008CA709 /* Products */,
			);
			sourceTree = "<group>";
		};
		226B68AB2A7B0F52008CA709 /* Products */ = {
			isa = PBXGroup;
			children = (
				226B68AA2A7B0F52008CA709 /* Patchwork.app */,
			);
			name = Products;
			sourceTree = "<group>";
		};
		226B68AC2A7B0F52008CA709 /* Patchwork */ = {
			isa = PBXGroup;
			children = (
				226B68AD2A7B0F52008CA709 /* PatchworkApp.swift */,
				226B68AF2A7B0F52008CA709 /* ContentView.swift */,
				22E407962A7D7383006E1E6A /* ModuleView.swift */,
				226B68BF2A7B0FCF008CA709 /* Module.swift */,
				22E407942A7C7560006E1E6A /* Input.swift */,
				226B68C32A7B1168008CA709 /* Output.swift */,
				226B68C72A7B11CF008CA709 /* Connection.swift */,
				226B68C52A7B11B2008CA709 /* Value.swift */,
				22E407B62A7D78E2006E1E6A /* PreviewSampleData.swift */,
				226B68B32A7B0F54008CA709 /* Assets.xcassets */,
				226B68B52A7B0F54008CA709 /* Info.plist */,
				226B68B62A7B0F54008CA709 /* Patchwork.entitlements */,
				226B68B72A7B0F54008CA709 /* Preview Content */,
			);
			path = Patchwork;
			sourceTree = "<group>";
		};
		226B68B72A7B0F54008CA709 /* Preview Content */ = {
			isa = PBXGroup;
			children = (
				226B68B82A7B0F54008CA709 /* Preview Assets.xcassets */,
			);
			path = "Preview Content";
			sourceTree = "<group>";
		};
/* End PBXGroup section */

/* Begin PBXNativeTarget section */
		226B68A92A7B0F52008CA709 /* Patchwork */ = {
			isa = PBXNativeTarget;
			buildConfigurationList = 226B68BC2A7B0F54008CA709 /* Build configuration list for PBXNativeTarget "Patchwork" */;
			buildPhases = (
				226B68A62A7B0F52008CA709 /* Sources */,
				226B68A72A7B0F52008CA709 /* Frameworks */,
				226B68A82A7B0F52008CA709 /* Resources */,
			);
			buildRules = (
			);
			dependencies = (
			);
			name = Patchwork;
			productName = Patchwork;
			productReference = 226B68AA2A7B0F52008CA709 /* Patchwork.app */;
			productType = "com.apple.product-type.application";
		};
/* End PBXNativeTarget section */

/* Begin PBXProject section */
		226B68A22A7B0F52008CA709 /* Project object */ = {
			isa = PBXProject;
			attributes = {
				BuildIndependentTargetsInParallel = 1;
				LastSwiftUpdateCheck = 1500;
				LastUpgradeCheck = 1500;
				TargetAttributes = {
					226B68A92A7B0F52008CA709 = {
						CreatedOnToolsVersion = 15.0;
					};
				};
			};
			buildConfigurationList = 226B68A52A7B0F52008CA709 /* Build configuration list for PBXProject "Patchwork" */;
			compatibilityVersion = "Xcode 14.0";
			developmentRegion = en;
			hasScannedForEncodings = 0;
			knownRegions = (
				en,
				Base,
			);
			mainGroup = 226B68A12A7B0F52008CA709;
			productRefGroup = 226B68AB2A7B0F52008CA709 /* Products */;
			projectDirPath = "";
			projectRoot = "";
			targets = (
				226B68A92A7B0F52008CA709 /* Patchwork */,
			);
		};
/* End PBXProject section */

/* Begin PBXResourcesBuildPhase section */
		226B68A82A7B0F52008CA709 /* Resources */ = {
			isa = PBXResourcesBuildPhase;
			buildActionMask = 2147483647;
			files = (
				226B68B92A7B0F54008CA709 /* Preview Assets.xcassets in Resources */,
				226B68B42A7B0F54008CA709 /* Assets.xcassets in Resources */,
			);
			runOnlyForDeploymentPostprocessing = 0;
		};
/* End PBXResourcesBuildPhase section */

/* Begin PBXSourcesBuildPhase section */
		226B68A62A7B0F52008CA709 /* Sources */ = {
			isa = PBXSourcesBuildPhase;
			buildActionMask = 2147483647;
			files = (
				226B68C42A7B1168008CA709 /* Output.swift in Sources */,
				226B68C62A7B11B2008CA709 /* Value.swift in Sources */,
				226B68C82A7B11CF008CA709 /* Connection.swift in Sources */,
				226B68B02A7B0F52008CA709 /* ContentView.swift in Sources */,
				22E407972A7D7383006E1E6A /* ModuleView.swift in Sources */,
				226B68C02A7B0FCF008CA709 /* Module.swift in Sources */,
				22E407952A7C7560006E1E6A /* Input.swift in Sources */,
				226B68AE2A7B0F52008CA709 /* PatchworkApp.swift in Sources */,
				22E407B72A7D78E2006E1E6A /* PreviewSampleData.swift in Sources */,
			);
			runOnlyForDeploymentPostprocessing = 0;
		};
/* End PBXSourcesBuildPhase section */

/* Begin XCBuildConfiguration section */
		226B68BA2A7B0F54008CA709 /* Debug */ = {
			isa = XCBuildConfiguration;
			buildSettings = {
				ALWAYS_SEARCH_USER_PATHS = NO;
				ASSETCATALOG_COMPILER_GENERATE_SWIFT_ASSET_SYMBOL_EXTENSIONS = YES;
				CLANG_ANALYZER_NONNULL = YES;
				CLANG_ANALYZER_NUMBER_OBJECT_CONVERSION = YES_AGGRESSIVE;
				CLANG_CXX_LANGUAGE_STANDARD = "gnu++20";
				CLANG_ENABLE_MODULES = YES;
				CLANG_ENABLE_OBJC_ARC = YES;
				CLANG_ENABLE_OBJC_WEAK = YES;
				CLANG_WARN_BLOCK_CAPTURE_AUTORELEASING = YES;
				CLANG_WARN_BOOL_CONVERSION = YES;
				CLANG_WARN_COMMA = YES;
				CLANG_WARN_CONSTANT_CONVERSION = YES;
				CLANG_WARN_DEPRECATED_OBJC_IMPLEMENTATIONS = YES;
				CLANG_WARN_DIRECT_OBJC_ISA_USAGE = YES_ERROR;
				CLANG_WARN_DOCUMENTATION_COMMENTS = YES;
				CLANG_WARN_EMPTY_BODY = YES;
				CLANG_WARN_ENUM_CONVERSION = YES;
				CLANG_WARN_INFINITE_RECURSION = YES;
				CLANG_WARN_INT_CONVERSION = YES;
				CLANG_WARN_NON_LITERAL_NULL_CONVERSION = YES;
				CLANG_WARN_OBJC_IMPLICIT_RETAIN_SELF = YES;
				CLANG_WARN_OBJC_LITERAL_CONVERSION = YES;
				CLANG_WARN_OBJC_ROOT_CLASS = YES_ERROR;
				CLANG_WARN_QUOTED_INCLUDE_IN_FRAMEWORK_HEADER = YES;
				CLANG_WARN_RANGE_LOOP_ANALYSIS = YES;
				CLANG_WARN_STRICT_PROTOTYPES = YES;
				CLANG_WARN_SUSPICIOUS_MOVE = YES;
				CLANG_WARN_UNGUARDED_AVAILABILITY = YES_AGGRESSIVE;
				CLANG_WARN_UNREACHABLE_CODE = YES;
				CLANG_WARN__DUPLICATE_METHOD_MATCH = YES;
				COPY_PHASE_STRIP = NO;
				DEBUG_INFORMATION_FORMAT = dwarf;
				ENABLE_STRICT_OBJC_MSGSEND = YES;
				ENABLE_TESTABILITY = YES;
				ENABLE_USER_SCRIPT_SANDBOXING = YES;
				GCC_C_LANGUAGE_STANDARD = gnu17;
				GCC_DYNAMIC_NO_PIC = NO;
				GCC_NO_COMMON_BLOCKS = YES;
				GCC_OPTIMIZATION_LEVEL = 0;
				GCC_PREPROCESSOR_DEFINITIONS = (
					"DEBUG=1",
					"$(inherited)",
				);
				GCC_WARN_64_TO_32_BIT_CONVERSION = YES;
				GCC_WARN_ABOUT_RETURN_TYPE = YES_ERROR;
				GCC_WARN_UNDECLARED_SELECTOR = YES;
				GCC_WARN_UNINITIALIZED_AUTOS = YES_AGGRESSIVE;
				GCC_WARN_UNUSED_FUNCTION = YES;
				GCC_WARN_UNUSED_VARIABLE = YES;
				LOCALIZATION_PREFERS_STRING_CATALOGS = YES;
				MTL_ENABLE_DEBUG_INFO = INCLUDE_SOURCE;
				MTL_FAST_MATH = YES;
				ONLY_ACTIVE_ARCH = YES;
				SWIFT_ACTIVE_COMPILATION_CONDITIONS = "DEBUG $(inherited)";
				SWIFT_OPTIMIZATION_LEVEL = "-Onone";
			};
			name = Debug;
		};
		226B68BB2A7B0F54008CA709 /* Release */ = {
			isa = XCBuildConfiguration;
			buildSettings = {
				ALWAYS_SEARCH_USER_PATHS = NO;
				ASSETCATALOG_COMPILER_GENERATE_SWIFT_ASSET_SYMBOL_EXTENSIONS = YES;
				CLANG_ANALYZER_NONNULL = YES;
				CLANG_ANALYZER_NUMBER_OBJECT_CONVERSION = YES_AGGRESSIVE;
				CLANG_CXX_LANGUAGE_STANDARD = "gnu++20";
				CLANG_ENABLE_MODULES = YES;
				CLANG_ENABLE_OBJC_ARC = YES;
				CLANG_ENABLE_OBJC_WEAK = YES;
				CLANG_WARN_BLOCK_CAPTURE_AUTORELEASING = YES;
				CLANG_WARN_BOOL_CONVERSION = YES;
				CLANG_WARN_COMMA = YES;
				CLANG_WARN_CONSTANT_CONVERSION = YES;
				CLANG_WARN_DEPRECATED_OBJC_IMPLEMENTATIONS = YES;
				CLANG_WARN_DIRECT_OBJC_ISA_USAGE = YES_ERROR;
				CLANG_WARN_DOCUMENTATION_COMMENTS = YES;
				CLANG_WARN_EMPTY_BODY = YES;
				CLANG_WARN_ENUM_CONVERSION = YES;
				CLANG_WARN_INFINITE_RECURSION = YES;
				CLANG_WARN_INT_CONVERSION = YES;
				CLANG_WARN_NON_LITERAL_NULL_CONVERSION = YES;
				CLANG_WARN_OBJC_IMPLICIT_RETAIN_SELF = YES;
				CLANG_WARN_OBJC_LITERAL_CONVERSION = YES;
				CLANG_WARN_OBJC_ROOT_CLASS = YES_ERROR;
				CLANG_WARN_QUOTED_INCLUDE_IN_FRAMEWORK_HEADER = YES;
				CLANG_WARN_RANGE_LOOP_ANALYSIS = YES;
				CLANG_WARN_STRICT_PROTOTYPES = YES;
				CLANG_WARN_SUSPICIOUS_MOVE = YES;
				CLANG_WARN_UNGUARDED_AVAILABILITY = YES_AGGRESSIVE;
				CLANG_WARN_UNREACHABLE_CODE = YES;
				CLANG_WARN__DUPLICATE_METHOD_MATCH = YES;
				COPY_PHASE_STRIP = NO;
				DEBUG_INFORMATION_FORMAT = "dwarf-with-dsym";
				ENABLE_NS_ASSERTIONS = NO;
				ENABLE_STRICT_OBJC_MSGSEND = YES;
				ENABLE_USER_SCRIPT_SANDBOXING = YES;
				GCC_C_LANGUAGE_STANDARD = gnu17;
				GCC_NO_COMMON_BLOCKS = YES;
				GCC_WARN_64_TO_32_BIT_CONVERSION = YES;
				GCC_WARN_ABOUT_RETURN_TYPE = YES_ERROR;
				GCC_WARN_UNDECLARED_SELECTOR = YES;
				GCC_WARN_UNINITIALIZED_AUTOS = YES_AGGRESSIVE;
				GCC_WARN_UNUSED_FUNCTION = YES;
				GCC_WARN_UNUSED_VARIABLE = YES;
				LOCALIZATION_PREFERS_STRING_CATALOGS = YES;
				MTL_ENABLE_DEBUG_INFO = NO;
				MTL_FAST_MATH = YES;
				SWIFT_COMPILATION_MODE = wholemodule;
			};
			name = Release;
		};
		226B68BD2A7B0F54008CA709 /* Debug */ = {
			isa = XCBuildConfiguration;
			buildSettings = {
				ASSETCATALOG_COMPILER_APPICON_NAME = AppIcon;
				ASSETCATALOG_COMPILER_GLOBAL_ACCENT_COLOR_NAME = AccentColor;
				CODE_SIGN_ENTITLEMENTS = Patchwork/Patchwork.entitlements;
				CODE_SIGN_STYLE = Automatic;
				CURRENT_PROJECT_VERSION = 1;
				DEVELOPMENT_ASSET_PATHS = "\"Patchwork/Preview Content\"";
				DEVELOPMENT_TEAM = 88THVLQG7X;
				ENABLE_HARDENED_RUNTIME = YES;
				ENABLE_PREVIEWS = YES;
				GENERATE_INFOPLIST_FILE = YES;
				INFOPLIST_FILE = Patchwork/Info.plist;
				"INFOPLIST_KEY_UIApplicationSceneManifest_Generation[sdk=iphoneos*]" = YES;
				"INFOPLIST_KEY_UIApplicationSceneManifest_Generation[sdk=iphonesimulator*]" = YES;
				"INFOPLIST_KEY_UIApplicationSupportsIndirectInputEvents[sdk=iphoneos*]" = YES;
				"INFOPLIST_KEY_UIApplicationSupportsIndirectInputEvents[sdk=iphonesimulator*]" = YES;
				"INFOPLIST_KEY_UILaunchScreen_Generation[sdk=iphoneos*]" = YES;
				"INFOPLIST_KEY_UILaunchScreen_Generation[sdk=iphonesimulator*]" = YES;
				"INFOPLIST_KEY_UIStatusBarStyle[sdk=iphoneos*]" = UIStatusBarStyleDefault;
				"INFOPLIST_KEY_UIStatusBarStyle[sdk=iphonesimulator*]" = UIStatusBarStyleDefault;
				INFOPLIST_KEY_UISupportedInterfaceOrientations_iPad = "UIInterfaceOrientationPortrait UIInterfaceOrientationPortraitUpsideDown UIInterfaceOrientationLandscapeLeft UIInterfaceOrientationLandscapeRight";
				INFOPLIST_KEY_UISupportedInterfaceOrientations_iPhone = "UIInterfaceOrientationPortrait UIInterfaceOrientationLandscapeLeft UIInterfaceOrientationLandscapeRight";
				"INFOPLIST_KEY_UISupportsDocumentBrowser[sdk=iphoneos*]" = YES;
				"INFOPLIST_KEY_UISupportsDocumentBrowser[sdk=iphonesimulator*]" = YES;
				IPHONEOS_DEPLOYMENT_TARGET = 17.0;
				LD_RUNPATH_SEARCH_PATHS = "@executable_path/Frameworks";
				"LD_RUNPATH_SEARCH_PATHS[sdk=macosx*]" = "@executable_path/../Frameworks";
				MACOSX_DEPLOYMENT_TARGET = 14.0;
				MARKETING_VERSION = 1.0;
				PRODUCT_BUNDLE_IDENTIFIER = FrankTinsley.Patchwork;
				PRODUCT_NAME = "$(TARGET_NAME)";
				SDKROOT = auto;
				SUPPORTED_PLATFORMS = "iphoneos iphonesimulator macosx";
				SWIFT_EMIT_LOC_STRINGS = YES;
				SWIFT_VERSION = 5.0;
				TARGETED_DEVICE_FAMILY = "1,2";
			};
			name = Debug;
		};
		226B68BE2A7B0F54008CA709 /* Release */ = {
			isa = XCBuildConfiguration;
			buildSettings = {
				ASSETCATALOG_COMPILER_APPICON_NAME = AppIcon;
				ASSETCATALOG_COMPILER_GLOBAL_ACCENT_COLOR_NAME = AccentColor;
				CODE_SIGN_ENTITLEMENTS = Patchwork/Patchwork.entitlements;
				CODE_SIGN_STYLE = Automatic;
				CURRENT_PROJECT_VERSION = 1;
				DEVELOPMENT_ASSET_PATHS = "\"Patchwork/Preview Content\"";
				DEVELOPMENT_TEAM = 88THVLQG7X;
				ENABLE_HARDENED_RUNTIME = YES;
				ENABLE_PREVIEWS = YES;
				GENERATE_INFOPLIST_FILE = YES;
				INFOPLIST_FILE = Patchwork/Info.plist;
				"INFOPLIST_KEY_UIApplicationSceneManifest_Generation[sdk=iphoneos*]" = YES;
				"INFOPLIST_KEY_UIApplicationSceneManifest_Generation[sdk=iphonesimulator*]" = YES;
				"INFOPLIST_KEY_UIApplicationSupportsIndirectInputEvents[sdk=iphoneos*]" = YES;
				"INFOPLIST_KEY_UIApplicationSupportsIndirectInputEvents[sdk=iphonesimulator*]" = YES;
				"INFOPLIST_KEY_UILaunchScreen_Generation[sdk=iphoneos*]" = YES;
				"INFOPLIST_KEY_UILaunchScreen_Generation[sdk=iphonesimulator*]" = YES;
				"INFOPLIST_KEY_UIStatusBarStyle[sdk=iphoneos*]" = UIStatusBarStyleDefault;
				"INFOPLIST_KEY_UIStatusBarStyle[sdk=iphonesimulator*]" = UIStatusBarStyleDefault;
				INFOPLIST_KEY_UISupportedInterfaceOrientations_iPad = "UIInterfaceOrientationPortrait UIInterfaceOrientationPortraitUpsideDown UIInterfaceOrientationLandscapeLeft UIInterfaceOrientationLandscapeRight";
				INFOPLIST_KEY_UISupportedInterfaceOrientations_iPhone = "UIInterfaceOrientationPortrait UIInterfaceOrientationLandscapeLeft UIInterfaceOrientationLandscapeRight";
				"INFOPLIST_KEY_UISupportsDocumentBrowser[sdk=iphoneos*]" = YES;
				"INFOPLIST_KEY_UISupportsDocumentBrowser[sdk=iphonesimulator*]" = YES;
				IPHONEOS_DEPLOYMENT_TARGET = 17.0;
				LD_RUNPATH_SEARCH_PATHS = "@executable_path/Frameworks";
				"LD_RUNPATH_SEARCH_PATHS[sdk=macosx*]" = "@executable_path/../Frameworks";
				MACOSX_DEPLOYMENT_TARGET = 14.0;
				MARKETING_VERSION = 1.0;
				PRODUCT_BUNDLE_IDENTIFIER = FrankTinsley.Patchwork;
				PRODUCT_NAME = "$(TARGET_NAME)";
				SDKROOT = auto;
				SUPPORTED_PLATFORMS = "iphoneos iphonesimulator macosx";
				SWIFT_EMIT_LOC_STRINGS = YES;
				SWIFT_VERSION = 5.0;
				TARGETED_DEVICE_FAMILY = "1,2";
			};
			name = Release;
		};
/* End XCBuildConfiguration section */

/* Begin XCConfigurationList section */
		226B68A52A7B0F52008CA709 /* Build configuration list for PBXProject "Patchwork" */ = {
			isa = XCConfigurationList;
			buildConfigurations = (
				226B68BA2A7B0F54008CA709 /* Debug */,
				226B68BB2A7B0F54008CA709 /* Release */,
			);
			defaultConfigurationIsVisible = 0;
			defaultConfigurationName = Release;
		};
		226B68BC2A7B0F54008CA709 /* Build configuration list for PBXNativeTarget "Patchwork" */ = {
			isa = XCConfigurationList;
			buildConfigurations = (
				226B68BD2A7B0F54008CA709 /* Debug */,
				226B68BE2A7B0F54008CA709 /* Release */,
			);
			defaultConfigurationIsVisible = 0;
			defaultConfigurationName = Release;
		};
/* End XCConfigurationList section */
	};
	rootObject = 226B68A22A7B0F52008CA709 /* Project object */;
}
